// !$*UTF8*$!
{
	archiveVersion = 1;
	classes = {
	};
	objectVersion = 55;
	objects = {

/* Begin PBXBuildFile section */
		72047D6D272D3FED00358025 /* ProxyViewController.swift in Sources */ = {isa = PBXBuildFile; fileRef = 72047D6C272D3FED00358025 /* ProxyViewController.swift */; };
		72047D70272DB5D400358025 /* MBProgressHUD in Frameworks */ = {isa = PBXBuildFile; productRef = 72047D6F272DB5D400358025 /* MBProgressHUD */; };
		7276BF29272C4D4C00150E3A /* CompositeViewController.swift in Sources */ = {isa = PBXBuildFile; fileRef = 7276BF28272C4D4C00150E3A /* CompositeViewController.swift */; };
		728F3E862726A269000CD206 /* AppDelegate.swift in Sources */ = {isa = PBXBuildFile; fileRef = 728F3E852726A269000CD206 /* AppDelegate.swift */; };
		728F3E882726A269000CD206 /* SceneDelegate.swift in Sources */ = {isa = PBXBuildFile; fileRef = 728F3E872726A269000CD206 /* SceneDelegate.swift */; };
		728F3E8A2726A269000CD206 /* ViewController.swift in Sources */ = {isa = PBXBuildFile; fileRef = 728F3E892726A269000CD206 /* ViewController.swift */; };
		728F3E8D2726A269000CD206 /* Main.storyboard in Resources */ = {isa = PBXBuildFile; fileRef = 728F3E8B2726A269000CD206 /* Main.storyboard */; };
		728F3E8F2726A26B000CD206 /* Assets.xcassets in Resources */ = {isa = PBXBuildFile; fileRef = 728F3E8E2726A26B000CD206 /* Assets.xcassets */; };
		728F3E922726A26B000CD206 /* LaunchScreen.storyboard in Resources */ = {isa = PBXBuildFile; fileRef = 728F3E902726A26B000CD206 /* LaunchScreen.storyboard */; };
		728F3E9B2726A2BC000CD206 /* Storage.swift in Sources */ = {isa = PBXBuildFile; fileRef = 728F3E9A2726A2BC000CD206 /* Storage.swift */; };
		728F3E9F2726A449000CD206 /* SnapKit in Frameworks */ = {isa = PBXBuildFile; productRef = 728F3E9E2726A449000CD206 /* SnapKit */; };
		728F3EA12726A46D000CD206 /* ProfileCardPhoneView.swift in Sources */ = {isa = PBXBuildFile; fileRef = 728F3EA02726A46D000CD206 /* ProfileCardPhoneView.swift */; };
		728F3EA32726A9B3000CD206 /* AbstractUIComponentsFactory.swift in Sources */ = {isa = PBXBuildFile; fileRef = 728F3EA22726A9B3000CD206 /* AbstractUIComponentsFactory.swift */; };
		728F3EA52726AC2A000CD206 /* ProfileCardTabletView.swift in Sources */ = {isa = PBXBuildFile; fileRef = 728F3EA42726AC2A000CD206 /* ProfileCardTabletView.swift */; };
		728F3EA82726AD32000CD206 /* FactoryCreator.swift in Sources */ = {isa = PBXBuildFile; fileRef = 728F3EA72726AD32000CD206 /* FactoryCreator.swift */; };
		728F3EAA2726AEFF000CD206 /* OptionsListPhoneView.swift in Sources */ = {isa = PBXBuildFile; fileRef = 728F3EA92726AEFF000CD206 /* OptionsListPhoneView.swift */; };
		728F3EAC2726AF9A000CD206 /* OptionsListTabletView.swift in Sources */ = {isa = PBXBuildFile; fileRef = 728F3EAB2726AF9A000CD206 /* OptionsListTabletView.swift */; };
		728F3EB127299E99000CD206 /* SecondViewController.swift in Sources */ = {isa = PBXBuildFile; fileRef = 728F3EB027299E99000CD206 /* SecondViewController.swift */; };
		728F3EB3272AB855000CD206 /* PrototypeViewController.swift in Sources */ = {isa = PBXBuildFile; fileRef = 728F3EB2272AB855000CD206 /* PrototypeViewController.swift */; };
		728F3EB5272ADA4A000CD206 /* AdapterViewController.swift in Sources */ = {isa = PBXBuildFile; fileRef = 728F3EB4272ADA4A000CD206 /* AdapterViewController.swift */; };
/* End PBXBuildFile section */

/* Begin PBXFileReference section */
		72047D6C272D3FED00358025 /* ProxyViewController.swift */ = {isa = PBXFileReference; lastKnownFileType = sourcecode.swift; path = ProxyViewController.swift; sourceTree = "<group>"; };
		7276BF28272C4D4C00150E3A /* CompositeViewController.swift */ = {isa = PBXFileReference; lastKnownFileType = sourcecode.swift; path = CompositeViewController.swift; sourceTree = "<group>"; };
		728F3E822726A269000CD206 /* Patterns.app */ = {isa = PBXFileReference; explicitFileType = wrapper.application; includeInIndex = 0; path = Patterns.app; sourceTree = BUILT_PRODUCTS_DIR; };
		728F3E852726A269000CD206 /* AppDelegate.swift */ = {isa = PBXFileReference; lastKnownFileType = sourcecode.swift; path = AppDelegate.swift; sourceTree = "<group>"; };
		728F3E872726A269000CD206 /* SceneDelegate.swift */ = {isa = PBXFileReference; lastKnownFileType = sourcecode.swift; path = SceneDelegate.swift; sourceTree = "<group>"; };
		728F3E892726A269000CD206 /* ViewController.swift */ = {isa = PBXFileReference; lastKnownFileType = sourcecode.swift; path = ViewController.swift; sourceTree = "<group>"; };
		728F3E8C2726A269000CD206 /* Base */ = {isa = PBXFileReference; lastKnownFileType = file.storyboard; name = Base; path = Base.lproj/Main.storyboard; sourceTree = "<group>"; };
		728F3E8E2726A26B000CD206 /* Assets.xcassets */ = {isa = PBXFileReference; lastKnownFileType = folder.assetcatalog; path = Assets.xcassets; sourceTree = "<group>"; };
		728F3E912726A26B000CD206 /* Base */ = {isa = PBXFileReference; lastKnownFileType = file.storyboard; name = Base; path = Base.lproj/LaunchScreen.storyboard; sourceTree = "<group>"; };
		728F3E932726A26B000CD206 /* Info.plist */ = {isa = PBXFileReference; lastKnownFileType = text.plist.xml; path = Info.plist; sourceTree = "<group>"; };
		728F3E9A2726A2BC000CD206 /* Storage.swift */ = {isa = PBXFileReference; lastKnownFileType = sourcecode.swift; path = Storage.swift; sourceTree = "<group>"; };
		728F3EA02726A46D000CD206 /* ProfileCardPhoneView.swift */ = {isa = PBXFileReference; lastKnownFileType = sourcecode.swift; path = ProfileCardPhoneView.swift; sourceTree = "<group>"; };
		728F3EA22726A9B3000CD206 /* AbstractUIComponentsFactory.swift */ = {isa = PBXFileReference; lastKnownFileType = sourcecode.swift; path = AbstractUIComponentsFactory.swift; sourceTree = "<group>"; };
		728F3EA42726AC2A000CD206 /* ProfileCardTabletView.swift */ = {isa = PBXFileReference; lastKnownFileType = sourcecode.swift; path = ProfileCardTabletView.swift; sourceTree = "<group>"; };
		728F3EA72726AD32000CD206 /* FactoryCreator.swift */ = {isa = PBXFileReference; lastKnownFileType = sourcecode.swift; path = FactoryCreator.swift; sourceTree = "<group>"; };
		728F3EA92726AEFF000CD206 /* OptionsListPhoneView.swift */ = {isa = PBXFileReference; lastKnownFileType = sourcecode.swift; path = OptionsListPhoneView.swift; sourceTree = "<group>"; };
		728F3EAB2726AF9A000CD206 /* OptionsListTabletView.swift */ = {isa = PBXFileReference; lastKnownFileType = sourcecode.swift; path = OptionsListTabletView.swift; sourceTree = "<group>"; };
		728F3EB027299E99000CD206 /* SecondViewController.swift */ = {isa = PBXFileReference; lastKnownFileType = sourcecode.swift; path = SecondViewController.swift; sourceTree = "<group>"; };
		728F3EB2272AB855000CD206 /* PrototypeViewController.swift */ = {isa = PBXFileReference; lastKnownFileType = sourcecode.swift; path = PrototypeViewController.swift; sourceTree = "<group>"; };
		728F3EB4272ADA4A000CD206 /* AdapterViewController.swift */ = {isa = PBXFileReference; lastKnownFileType = sourcecode.swift; path = AdapterViewController.swift; sourceTree = "<group>"; };
/* End PBXFileReference section */

/* Begin PBXFrameworksBuildPhase section */
		728F3E7F2726A269000CD206 /* Frameworks */ = {
			isa = PBXFrameworksBuildPhase;
			buildActionMask = 2147483647;
			files = (
				72047D70272DB5D400358025 /* MBProgressHUD in Frameworks */,
				728F3E9F2726A449000CD206 /* SnapKit in Frameworks */,
			);
			runOnlyForDeploymentPostprocessing = 0;
		};
/* End PBXFrameworksBuildPhase section */

/* Begin PBXGroup section */
		728F3E792726A269000CD206 = {
			isa = PBXGroup;
			children = (
				728F3E842726A269000CD206 /* Patterns */,
				728F3E832726A269000CD206 /* Products */,
			);
			sourceTree = "<group>";
		};
		728F3E832726A269000CD206 /* Products */ = {
			isa = PBXGroup;
			children = (
				728F3E822726A269000CD206 /* Patterns.app */,
			);
			name = Products;
			sourceTree = "<group>";
		};
		728F3E842726A269000CD206 /* Patterns */ = {
			isa = PBXGroup;
			children = (
				728F3EAF27299E7D000CD206 /* View Controllers */,
				728F3EA62726AD21000CD206 /* Utils */,
				728F3E9C2726A411000CD206 /* Views */,
				728F3E992726A2B0000CD206 /* Storage */,
				728F3E852726A269000CD206 /* AppDelegate.swift */,
				728F3E872726A269000CD206 /* SceneDelegate.swift */,
				728F3E8B2726A269000CD206 /* Main.storyboard */,
				728F3E8E2726A26B000CD206 /* Assets.xcassets */,
				728F3E902726A26B000CD206 /* LaunchScreen.storyboard */,
				728F3E932726A26B000CD206 /* Info.plist */,
			);
			path = Patterns;
			sourceTree = "<group>";
		};
		728F3E992726A2B0000CD206 /* Storage */ = {
			isa = PBXGroup;
			children = (
				728F3E9A2726A2BC000CD206 /* Storage.swift */,
			);
			path = Storage;
			sourceTree = "<group>";
		};
		728F3E9C2726A411000CD206 /* Views */ = {
			isa = PBXGroup;
			children = (
				728F3EA02726A46D000CD206 /* ProfileCardPhoneView.swift */,
				728F3EA22726A9B3000CD206 /* AbstractUIComponentsFactory.swift */,
				728F3EA42726AC2A000CD206 /* ProfileCardTabletView.swift */,
				728F3EA92726AEFF000CD206 /* OptionsListPhoneView.swift */,
				728F3EAB2726AF9A000CD206 /* OptionsListTabletView.swift */,
			);
			path = Views;
			sourceTree = "<group>";
		};
		728F3EA62726AD21000CD206 /* Utils */ = {
			isa = PBXGroup;
			children = (
				728F3EA72726AD32000CD206 /* FactoryCreator.swift */,
			);
			path = Utils;
			sourceTree = "<group>";
		};
		728F3EAF27299E7D000CD206 /* View Controllers */ = {
			isa = PBXGroup;
			children = (
				728F3E892726A269000CD206 /* ViewController.swift */,
				728F3EB027299E99000CD206 /* SecondViewController.swift */,
				728F3EB2272AB855000CD206 /* PrototypeViewController.swift */,
				728F3EB4272ADA4A000CD206 /* AdapterViewController.swift */,
				7276BF28272C4D4C00150E3A /* CompositeViewController.swift */,
				72047D6C272D3FED00358025 /* ProxyViewController.swift */,
			);
			path = "View Controllers";
			sourceTree = "<group>";
		};
/* End PBXGroup section */

/* Begin PBXNativeTarget section */
		728F3E812726A269000CD206 /* Patterns */ = {
			isa = PBXNativeTarget;
			buildConfigurationList = 728F3E962726A26B000CD206 /* Build configuration list for PBXNativeTarget "Patterns" */;
			buildPhases = (
				728F3E7E2726A269000CD206 /* Sources */,
				728F3E7F2726A269000CD206 /* Frameworks */,
				728F3E802726A269000CD206 /* Resources */,
			);
			buildRules = (
			);
			dependencies = (
			);
			name = Patterns;
			packageProductDependencies = (
				728F3E9E2726A449000CD206 /* SnapKit */,
				72047D6F272DB5D400358025 /* MBProgressHUD */,
			);
			productName = Patterns;
			productReference = 728F3E822726A269000CD206 /* Patterns.app */;
			productType = "com.apple.product-type.application";
		};
/* End PBXNativeTarget section */

/* Begin PBXProject section */
		728F3E7A2726A269000CD206 /* Project object */ = {
			isa = PBXProject;
			attributes = {
				BuildIndependentTargetsInParallel = 1;
				LastSwiftUpdateCheck = 1300;
				LastUpgradeCheck = 1300;
				TargetAttributes = {
					728F3E812726A269000CD206 = {
						CreatedOnToolsVersion = 13.0;
					};
				};
			};
			buildConfigurationList = 728F3E7D2726A269000CD206 /* Build configuration list for PBXProject "Patterns" */;
			compatibilityVersion = "Xcode 13.0";
			developmentRegion = en;
			hasScannedForEncodings = 0;
			knownRegions = (
				en,
				Base,
			);
			mainGroup = 728F3E792726A269000CD206;
			packageReferences = (
				728F3E9D2726A449000CD206 /* XCRemoteSwiftPackageReference "SnapKit" */,
				72047D6E272DB5D400358025 /* XCRemoteSwiftPackageReference "MBProgressHUD" */,
			);
			productRefGroup = 728F3E832726A269000CD206 /* Products */;
			projectDirPath = "";
			projectRoot = "";
			targets = (
				728F3E812726A269000CD206 /* Patterns */,
			);
		};
/* End PBXProject section */

/* Begin PBXResourcesBuildPhase section */
		728F3E802726A269000CD206 /* Resources */ = {
			isa = PBXResourcesBuildPhase;
			buildActionMask = 2147483647;
			files = (
				728F3E922726A26B000CD206 /* LaunchScreen.storyboard in Resources */,
				728F3E8F2726A26B000CD206 /* Assets.xcassets in Resources */,
				728F3E8D2726A269000CD206 /* Main.storyboard in Resources */,
			);
			runOnlyForDeploymentPostprocessing = 0;
		};
/* End PBXResourcesBuildPhase section */

/* Begin PBXSourcesBuildPhase section */
		728F3E7E2726A269000CD206 /* Sources */ = {
			isa = PBXSourcesBuildPhase;
			buildActionMask = 2147483647;
			files = (
				728F3EB127299E99000CD206 /* SecondViewController.swift in Sources */,
				72047D6D272D3FED00358025 /* ProxyViewController.swift in Sources */,
				728F3EB3272AB855000CD206 /* PrototypeViewController.swift in Sources */,
				728F3E8A2726A269000CD206 /* ViewController.swift in Sources */,
				728F3E9B2726A2BC000CD206 /* Storage.swift in Sources */,
				728F3EAA2726AEFF000CD206 /* OptionsListPhoneView.swift in Sources */,
				728F3EA52726AC2A000CD206 /* ProfileCardTabletView.swift in Sources */,
				728F3EA32726A9B3000CD206 /* AbstractUIComponentsFactory.swift in Sources */,
				728F3E862726A269000CD206 /* AppDelegate.swift in Sources */,
				7276BF29272C4D4C00150E3A /* CompositeViewController.swift in Sources */,
				728F3EA12726A46D000CD206 /* ProfileCardPhoneView.swift in Sources */,
				728F3E882726A269000CD206 /* SceneDelegate.swift in Sources */,
				728F3EA82726AD32000CD206 /* FactoryCreator.swift in Sources */,
				728F3EAC2726AF9A000CD206 /* OptionsListTabletView.swift in Sources */,
				728F3EB5272ADA4A000CD206 /* AdapterViewController.swift in Sources */,
			);
			runOnlyForDeploymentPostprocessing = 0;
		};
/* End PBXSourcesBuildPhase section */

/* Begin PBXVariantGroup section */
		728F3E8B2726A269000CD206 /* Main.storyboard */ = {
			isa = PBXVariantGroup;
			children = (
				728F3E8C2726A269000CD206 /* Base */,
			);
			name = Main.storyboard;
			sourceTree = "<group>";
		};
		728F3E902726A26B000CD206 /* LaunchScreen.storyboard */ = {
			isa = PBXVariantGroup;
			children = (
				728F3E912726A26B000CD206 /* Base */,
			);
			name = LaunchScreen.storyboard;
			sourceTree = "<group>";
		};
/* End PBXVariantGroup section */

/* Begin XCBuildConfiguration section */
		728F3E942726A26B000CD206 /* Debug */ = {
			isa = XCBuildConfiguration;
			buildSettings = {
				ALWAYS_SEARCH_USER_PATHS = NO;
				CLANG_ANALYZER_NONNULL = YES;
				CLANG_ANALYZER_NUMBER_OBJECT_CONVERSION = YES_AGGRESSIVE;
				CLANG_CXX_LANGUAGE_STANDARD = "gnu++17";
				CLANG_CXX_LIBRARY = "libc++";
				CLANG_ENABLE_MODULES = YES;
				CLANG_ENABLE_OBJC_ARC = YES;
				CLANG_ENABLE_OBJC_WEAK = YES;
				CLANG_WARN_BLOCK_CAPTURE_AUTORELEASING = YES;
				CLANG_WARN_BOOL_CONVERSION = YES;
				CLANG_WARN_COMMA = YES;
				CLANG_WARN_CONSTANT_CONVERSION = YES;
				CLANG_WARN_DEPRECATED_OBJC_IMPLEMENTATIONS = YES;
				CLANG_WARN_DIRECT_OBJC_ISA_USAGE = YES_ERROR;
				CLANG_WARN_DOCUMENTATION_COMMENTS = YES;
				CLANG_WARN_EMPTY_BODY = YES;
				CLANG_WARN_ENUM_CONVERSION = YES;
				CLANG_WARN_INFINITE_RECURSION = YES;
				CLANG_WARN_INT_CONVERSION = YES;
				CLANG_WARN_NON_LITERAL_NULL_CONVERSION = YES;
				CLANG_WARN_OBJC_IMPLICIT_RETAIN_SELF = YES;
				CLANG_WARN_OBJC_LITERAL_CONVERSION = YES;
				CLANG_WARN_OBJC_ROOT_CLASS = YES_ERROR;
				CLANG_WARN_QUOTED_INCLUDE_IN_FRAMEWORK_HEADER = YES;
				CLANG_WARN_RANGE_LOOP_ANALYSIS = YES;
				CLANG_WARN_STRICT_PROTOTYPES = YES;
				CLANG_WARN_SUSPICIOUS_MOVE = YES;
				CLANG_WARN_UNGUARDED_AVAILABILITY = YES_AGGRESSIVE;
				CLANG_WARN_UNREACHABLE_CODE = YES;
				CLANG_WARN__DUPLICATE_METHOD_MATCH = YES;
				COPY_PHASE_STRIP = NO;
				DEBUG_INFORMATION_FORMAT = dwarf;
				ENABLE_STRICT_OBJC_MSGSEND = YES;
				ENABLE_TESTABILITY = YES;
				GCC_C_LANGUAGE_STANDARD = gnu11;
				GCC_DYNAMIC_NO_PIC = NO;
				GCC_NO_COMMON_BLOCKS = YES;
				GCC_OPTIMIZATION_LEVEL = 0;
				GCC_PREPROCESSOR_DEFINITIONS = (
					"DEBUG=1",
					"$(inherited)",
				);
				GCC_WARN_64_TO_32_BIT_CONVERSION = YES;
				GCC_WARN_ABOUT_RETURN_TYPE = YES_ERROR;
				GCC_WARN_UNDECLARED_SELECTOR = YES;
				GCC_WARN_UNINITIALIZED_AUTOS = YES_AGGRESSIVE;
				GCC_WARN_UNUSED_FUNCTION = YES;
				GCC_WARN_UNUSED_VARIABLE = YES;
				IPHONEOS_DEPLOYMENT_TARGET = 15.0;
				MTL_ENABLE_DEBUG_INFO = INCLUDE_SOURCE;
				MTL_FAST_MATH = YES;
				ONLY_ACTIVE_ARCH = YES;
				SDKROOT = iphoneos;
				SWIFT_ACTIVE_COMPILATION_CONDITIONS = DEBUG;
				SWIFT_OPTIMIZATION_LEVEL = "-Onone";
			};
			name = Debug;
		};
		728F3E952726A26B000CD206 /* Release */ = {
			isa = XCBuildConfiguration;
			buildSettings = {
				ALWAYS_SEARCH_USER_PATHS = NO;
				CLANG_ANALYZER_NONNULL = YES;
				CLANG_ANALYZER_NUMBER_OBJECT_CONVERSION = YES_AGGRESSIVE;
				CLANG_CXX_LANGUAGE_STANDARD = "gnu++17";
				CLANG_CXX_LIBRARY = "libc++";
				CLANG_ENABLE_MODULES = YES;
				CLANG_ENABLE_OBJC_ARC = YES;
				CLANG_ENABLE_OBJC_WEAK = YES;
				CLANG_WARN_BLOCK_CAPTURE_AUTORELEASING = YES;
				CLANG_WARN_BOOL_CONVERSION = YES;
				CLANG_WARN_COMMA = YES;
				CLANG_WARN_CONSTANT_CONVERSION = YES;
				CLANG_WARN_DEPRECATED_OBJC_IMPLEMENTATIONS = YES;
				CLANG_WARN_DIRECT_OBJC_ISA_USAGE = YES_ERROR;
				CLANG_WARN_DOCUMENTATION_COMMENTS = YES;
				CLANG_WARN_EMPTY_BODY = YES;
				CLANG_WARN_ENUM_CONVERSION = YES;
				CLANG_WARN_INFINITE_RECURSION = YES;
				CLANG_WARN_INT_CONVERSION = YES;
				CLANG_WARN_NON_LITERAL_NULL_CONVERSION = YES;
				CLANG_WARN_OBJC_IMPLICIT_RETAIN_SELF = YES;
				CLANG_WARN_OBJC_LITERAL_CONVERSION = YES;
				CLANG_WARN_OBJC_ROOT_CLASS = YES_ERROR;
				CLANG_WARN_QUOTED_INCLUDE_IN_FRAMEWORK_HEADER = YES;
				CLANG_WARN_RANGE_LOOP_ANALYSIS = YES;
				CLANG_WARN_STRICT_PROTOTYPES = YES;
				CLANG_WARN_SUSPICIOUS_MOVE = YES;
				CLANG_WARN_UNGUARDED_AVAILABILITY = YES_AGGRESSIVE;
				CLANG_WARN_UNREACHABLE_CODE = YES;
				CLANG_WARN__DUPLICATE_METHOD_MATCH = YES;
				COPY_PHASE_STRIP = NO;
				DEBUG_INFORMATION_FORMAT = "dwarf-with-dsym";
				ENABLE_NS_ASSERTIONS = NO;
				ENABLE_STRICT_OBJC_MSGSEND = YES;
				GCC_C_LANGUAGE_STANDARD = gnu11;
				GCC_NO_COMMON_BLOCKS = YES;
				GCC_WARN_64_TO_32_BIT_CONVERSION = YES;
				GCC_WARN_ABOUT_RETURN_TYPE = YES_ERROR;
				GCC_WARN_UNDECLARED_SELECTOR = YES;
				GCC_WARN_UNINITIALIZED_AUTOS = YES_AGGRESSIVE;
				GCC_WARN_UNUSED_FUNCTION = YES;
				GCC_WARN_UNUSED_VARIABLE = YES;
				IPHONEOS_DEPLOYMENT_TARGET = 15.0;
				MTL_ENABLE_DEBUG_INFO = NO;
				MTL_FAST_MATH = YES;
				SDKROOT = iphoneos;
				SWIFT_COMPILATION_MODE = wholemodule;
				SWIFT_OPTIMIZATION_LEVEL = "-O";
				VALIDATE_PRODUCT = YES;
			};
			name = Release;
		};
		728F3E972726A26B000CD206 /* Debug */ = {
			isa = XCBuildConfiguration;
			buildSettings = {
				ASSETCATALOG_COMPILER_APPICON_NAME = AppIcon;
				ASSETCATALOG_COMPILER_GLOBAL_ACCENT_COLOR_NAME = AccentColor;
				CODE_SIGN_STYLE = Automatic;
				CURRENT_PROJECT_VERSION = 1;
				DEVELOPMENT_TEAM = T5T228SHK5;
				GENERATE_INFOPLIST_FILE = YES;
				INFOPLIST_FILE = Patterns/Info.plist;
				INFOPLIST_KEY_UIApplicationSupportsIndirectInputEvents = YES;
				INFOPLIST_KEY_UILaunchStoryboardName = LaunchScreen;
				INFOPLIST_KEY_UIMainStoryboardFile = Main;
				INFOPLIST_KEY_UISupportedInterfaceOrientations_iPad = "UIInterfaceOrientationPortrait UIInterfaceOrientationPortraitUpsideDown UIInterfaceOrientationLandscapeLeft UIInterfaceOrientationLandscapeRight";
				INFOPLIST_KEY_UISupportedInterfaceOrientations_iPhone = "UIInterfaceOrientationPortrait UIInterfaceOrientationLandscapeLeft UIInterfaceOrientationLandscapeRight";
				LD_RUNPATH_SEARCH_PATHS = (
					"$(inherited)",
					"@executable_path/Frameworks",
				);
				MARKETING_VERSION = 1.0;
				PRODUCT_BUNDLE_IDENTIFIER = com.tsustudy.Patterns;
				PRODUCT_NAME = "$(TARGET_NAME)";
				SWIFT_EMIT_LOC_STRINGS = YES;
				SWIFT_VERSION = 5.0;
				TARGETED_DEVICE_FAMILY = "1,2";
			};
			name = Debug;
		};
		728F3E982726A26B000CD206 /* Release */ = {
			isa = XCBuildConfiguration;
			buildSettings = {
				ASSETCATALOG_COMPILER_APPICON_NAME = AppIcon;
				ASSETCATALOG_COMPILER_GLOBAL_ACCENT_COLOR_NAME = AccentColor;
				CODE_SIGN_STYLE = Automatic;
				CURRENT_PROJECT_VERSION = 1;
				DEVELOPMENT_TEAM = T5T228SHK5;
				GENERATE_INFOPLIST_FILE = YES;
				INFOPLIST_FILE = Patterns/Info.plist;
				INFOPLIST_KEY_UIApplicationSupportsIndirectInputEvents = YES;
				INFOPLIST_KEY_UILaunchStoryboardName = LaunchScreen;
				INFOPLIST_KEY_UIMainStoryboardFile = Main;
				INFOPLIST_KEY_UISupportedInterfaceOrientations_iPad = "UIInterfaceOrientationPortrait UIInterfaceOrientationPortraitUpsideDown UIInterfaceOrientationLandscapeLeft UIInterfaceOrientationLandscapeRight";
				INFOPLIST_KEY_UISupportedInterfaceOrientations_iPhone = "UIInterfaceOrientationPortrait UIInterfaceOrientationLandscapeLeft UIInterfaceOrientationLandscapeRight";
				LD_RUNPATH_SEARCH_PATHS = (
					"$(inherited)",
					"@executable_path/Frameworks",
				);
				MARKETING_VERSION = 1.0;
				PRODUCT_BUNDLE_IDENTIFIER = com.tsustudy.Patterns;
				PRODUCT_NAME = "$(TARGET_NAME)";
				SWIFT_EMIT_LOC_STRINGS = YES;
				SWIFT_VERSION = 5.0;
				TARGETED_DEVICE_FAMILY = "1,2";
			};
			name = Release;
		};
/* End XCBuildConfiguration section */

/* Begin XCConfigurationList section */
		728F3E7D2726A269000CD206 /* Build configuration list for PBXProject "Patterns" */ = {
			isa = XCConfigurationList;
			buildConfigurations = (
				728F3E942726A26B000CD206 /* Debug */,
				728F3E952726A26B000CD206 /* Release */,
			);
			defaultConfigurationIsVisible = 0;
			defaultConfigurationName = Release;
		};
		728F3E962726A26B000CD206 /* Build configuration list for PBXNativeTarget "Patterns" */ = {
			isa = XCConfigurationList;
			buildConfigurations = (
				728F3E972726A26B000CD206 /* Debug */,
				728F3E982726A26B000CD206 /* Release */,
			);
			defaultConfigurationIsVisible = 0;
			defaultConfigurationName = Release;
		};
/* End XCConfigurationList section */

/* Begin XCRemoteSwiftPackageReference section */
		72047D6E272DB5D400358025 /* XCRemoteSwiftPackageReference "MBProgressHUD" */ = {
			isa = XCRemoteSwiftPackageReference;
			repositoryURL = "https://github.com/jdg/MBProgressHUD";
			requirement = {
				kind = upToNextMajorVersion;
				minimumVersion = 1.0.0;
			};
		};
		728F3E9D2726A449000CD206 /* XCRemoteSwiftPackageReference "SnapKit" */ = {
			isa = XCRemoteSwiftPackageReference;
			repositoryURL = "https://github.com/SnapKit/SnapKit";
			requirement = {
				kind = upToNextMajorVersion;
				minimumVersion = 5.0.0;
			};
		};
/* End XCRemoteSwiftPackageReference section */

/* Begin XCSwiftPackageProductDependency section */
		72047D6F272DB5D400358025 /* MBProgressHUD */ = {
			isa = XCSwiftPackageProductDependency;
			package = 72047D6E272DB5D400358025 /* XCRemoteSwiftPackageReference "MBProgressHUD" */;
			productName = MBProgressHUD;
		};
		728F3E9E2726A449000CD206 /* SnapKit */ = {
			isa = XCSwiftPackageProductDependency;
			package = 728F3E9D2726A449000CD206 /* XCRemoteSwiftPackageReference "SnapKit" */;
			productName = SnapKit;
		};
/* End XCSwiftPackageProductDependency section */
	};
	rootObject = 728F3E7A2726A269000CD206 /* Project object */;
}
